
Microsoft Visual Studio Solution File, Format Version 12.00
# Visual Studio Version 17
VisualStudioVersion = 17.11.35327.3
MinimumVisualStudioVersion = 10.0.40219.1
Project("{FAE04EC0-301F-11D3-BF4B-00C04F79EFBC}") = "SA_Lab5", "SA_Lab5\SA_Lab5.csproj", "{3C1D48B2-1F76-4AC8-BA0B-10C09A4EEEA1}"
EndProject
Global
	GlobalSection(SolutionConfigurationPlatforms) = preSolution
		Debug|Any CPU = Debug|Any CPU
		Release|Any CPU = Release|Any CPU
	EndGlobalSection
	GlobalSection(ProjectConfigurationPlatforms) = postSolution
		{3C1D48B2-1F76-4AC8-BA0B-10C09A4EEEA1}.Debug|Any CPU.ActiveCfg = Debug|Any CPU
		{3C1D48B2-1F76-4AC8-BA0B-10C09A4EEEA1}.Debug|Any CPU.Build.0 = Debug|Any CPU
		{3C1D48B2-1F76-4AC8-BA0B-10C09A4EEEA1}.Release|Any CPU.ActiveCfg = Release|Any CPU
		{3C1D48B2-1F76-4AC8-BA0B-10C09A4EEEA1}.Release|Any CPU.Build.0 = Release|Any CPU
	EndGlobalSection
	GlobalSection(SolutionProperties) = preSolution
		HideSolutionNode = FALSE
	EndGlobalSection
	GlobalSection(ExtensibilityGlobals) = postSolution
		SolutionGuid = {0DEE5FCB-1991-407A-84AD-DA27AF25406A}
	EndGlobalSection
EndGlobal
